
Microsoft Visual Studio Solution File, Format Version 9.00
# Visual C++ Express 2005
Project("{8BC9CEB8-8B4A-11D0-8D11-00A0C91BC942}") = "canBootloader", "canBootloader\canBootloader.vcproj", "{C6C068E3-7653-4989-9639-D75BA5CE11DC}"
EndProject
Global
	GlobalSection(SolutionConfigurationPlatforms) = preSolution
		Debug|Win32 = Debug|Win32
		Release|Win32 = Release|Win32
	EndGlobalSection
	GlobalSection(ProjectConfigurationPlatforms) = postSolution
		{C6C068E3-7653-4989-9639-D75BA5CE11DC}.Debug|Win32.ActiveCfg = Debug|Win32
		{C6C068E3-7653-4989-9639-D75BA5CE11DC}.Debug|Win32.Build.0 = Debug|Win32
		{C6C068E3-7653-4989-9639-D75BA5CE11DC}.Release|Win32.ActiveCfg = Release|Win32
		{C6C068E3-7653-4989-9639-D75BA5CE11DC}.Release|Win32.Build.0 = Release|Win32
	EndGlobalSection
	GlobalSection(SolutionProperties) = preSolution
		HideSolutionNode = FALSE
	EndGlobalSection
EndGlobal
