<?xml version="1.0" encoding="UTF-8" standalone="yes" ?>
<CodeBlocks_project_file>
	<FileVersion major="1" minor="6" />
	<Project>
		<Option title="Atom" />
		<Option pch_mode="2" />
		<Option compiler="gcc" />
		<Build>
			<Target title="Debug">
				<Option output="bin/Debug/atom" prefix_auto="1" extension_auto="1" />
				<Option object_output="obj/Debug/" />
				<Option type="1" />
				<Option compiler="gcc" />
				<Compiler>
					<Add option="-g" />
					<Add directory="src" />
				</Compiler>
				<Linker>
					<Add library="libboost_program_options-mt" />
					<Add library="libboost_signals-mt" />
					<Add library="libboost_system-mt" />
					<Add library="libboost_thread-mt" />
					<Add library="libboost_filesystem-mt" />
					<Add library="pthread" />
					<Add directory="src/lib" />
				</Linker>
			</Target>
			<Target title="Release">
				<Option output="bin/Release/atom" prefix_auto="1" extension_auto="1" />
				<Option object_output="obj/Release/" />
				<Option type="1" />
				<Option compiler="gcc" />
				<Compiler>
					<Add option="-O2" />
					<Add directory="src" />
				</Compiler>
				<Linker>
					<Add option="-s" />
					<Add library="libboost_program_options-mt" />
					<Add library="libboost_signals-mt" />
					<Add library="libboost_system-mt" />
					<Add library="libboost_thread-mt" />
					<Add library="libboost_filesystem-mt" />
					<Add library="pthread" />
				</Linker>
			</Target>
		</Build>
		<Compiler>
			<Add option="-Wall" />
			<Add option="-fexceptions" />
		</Compiler>
		<Linker>
			<Add library="libboost_program_options-mt" />
			<Add library="libboost_signals-mt" />
			<Add library="libboost_system-mt" />
			<Add library="libboost_thread-mt" />
			<Add library="libboost_filesystem-mt" />
			<Add library="pthread" />
			<Add directory="/home/migan/projects/Atom/src/lib" />
		</Linker>
		<Unit filename="notes.txt">
			<Option target="&lt;{~None~}&gt;" />
		</Unit>
		<Unit filename="src/Exception.hpp" />
		<Unit filename="src/atom.cpp" />
		<Unit filename="src/broker/Broker.cpp" />
		<Unit filename="src/broker/Broker.h" />
		<Unit filename="src/broker/Subscriber.cpp" />
		<Unit filename="src/broker/Subscriber.h" />
		<Unit filename="src/log/Logger.cpp" />
		<Unit filename="src/log/Logger.h" />
		<Unit filename="src/message/BitBuffer.cpp" />
		<Unit filename="src/message/BitBuffer.h" />
		<Unit filename="src/message/Datatype.cpp" />
		<Unit filename="src/message/Datatype.h" />
		<Unit filename="src/message/Header.cpp" />
		<Unit filename="src/message/Header.h" />
		<Unit filename="src/message/Message.cpp" />
		<Unit filename="src/message/Message.h" />
		<Unit filename="src/message/Variable.cpp" />
		<Unit filename="src/message/Variable.h" />
		<Unit filename="src/message/types/BasicType.hpp" />
		<Unit filename="src/message/types/Boolean.hpp" />
		<Unit filename="src/message/types/Decimal.hpp" />
		<Unit filename="src/message/types/Enum.hpp" />
		<Unit filename="src/message/types/Integer.hpp" />
		<Unit filename="src/message/types/UnsignedInteger.hpp" />
		<Unit filename="src/module/Module.cpp" />
		<Unit filename="src/module/Module.h" />
		<Unit filename="src/net/UdpServer.cpp" />
		<Unit filename="src/net/UdpServer.h" />
		<Unit filename="src/protocol/Protocol.cpp" />
		<Unit filename="src/protocol/Protocol.h" />
		<Unit filename="src/subscribers/cannet/CanNet.cpp" />
		<Unit filename="src/subscribers/cannet/CanNet.h" />
		<Unit filename="src/subscribers/monitor/Monitor.cpp" />
		<Unit filename="src/subscribers/monitor/Monitor.h" />
		<Unit filename="src/thread/Queue.hpp" />
		<Unit filename="src/thread/Thread.cpp" />
		<Unit filename="src/thread/Thread.h" />
		<Unit filename="src/types.h" />
		<Unit filename="src/utils/convert.cpp" />
		<Unit filename="src/utils/convert.h" />
		<Unit filename="src/utils/file.cpp" />
		<Unit filename="src/utils/file.h" />
		<Unit filename="src/utils/string.cpp" />
		<Unit filename="src/utils/string.h" />
		<Unit filename="src/version.h" />
		<Unit filename="src/xml/Node.cpp" />
		<Unit filename="src/xml/Node.h" />
		<Extensions>
			<code_completion />
			<envvars />
			<debugger />
			<AutoVersioning>
				<Scheme minor_max="10" build_max="0" rev_max="0" rev_rand_max="10" build_times_to_increment_minor="100" />
				<Settings autoincrement="1" date_declarations="1" do_auto_increment="1" ask_to_increment="0" language="C++" svn="1" svn_directory="/home/migan/projects/HomeAutomation/branches/atomV2/PcSoftware/AtomV2/.svn" header_path="src/version.h" />
				<Changes_Log show_changes_editor="0" app_title="released version %M.%m.%b of %p" changeslog_path="changelog" />
			</AutoVersioning>
		</Extensions>
	</Project>
</CodeBlocks_project_file>
