<?xml version="1.0" encoding="UTF-8" standalone="yes" ?>
<CodeBlocks_project_file>
	<FileVersion major="1" minor="6" />
	<Project>
		<Option title="Atom" />
		<Option pch_mode="2" />
		<Option compiler="gcc" />
		<Build>
			<Target title="Debug">
				<Option output="bin/Debug/Atom" prefix_auto="1" extension_auto="1" />
				<Option object_output="obj/Debug/" />
				<Option type="1" />
				<Option compiler="gcc" />
				<Compiler>
					<Add option="-g" />
					<Add directory="src" />
				</Compiler>
				<Linker>
					<Add library="libboost_date_time" />
					<Add library="libboost_program_options" />
					<Add library="libboost_signals" />
					<Add library="libboost_system" />
					<Add library="libboost_thread" />
					<Add library="libboost_filesystem" />
					<Add library="pthread" />
					<Add directory="src/lib" />
				</Linker>
			</Target>
			<Target title="Release">
				<Option output="bin/Release/Atom" prefix_auto="1" extension_auto="1" />
				<Option object_output="obj/Release/" />
				<Option type="1" />
				<Option compiler="gcc" />
				<Compiler>
					<Add option="-O2" />
					<Add directory="src" />
				</Compiler>
				<Linker>
					<Add option="-s" />
					<Add library="libboost_date_time" />
					<Add library="libboost_program_options" />
					<Add library="libboost_signals" />
					<Add library="libboost_system" />
					<Add library="libboost_thread" />
					<Add library="libboost_filesystem" />
					<Add library="pthread" />
				</Linker>
			</Target>
		</Build>
		<Compiler>
			<Add option="-Wall" />
			<Add option="-fexceptions" />
		</Compiler>
		<Linker>
			<Add library="libboost_date_time" />
			<Add library="libboost_program_options" />
			<Add library="libboost_signals" />
			<Add library="libboost_system" />
			<Add library="libboost_thread" />
			<Add library="libboost_filesystem" />
			<Add library="pthread" />
			<Add directory="/home/migan/projects/Atom/src/lib" />
		</Linker>
		<Unit filename="notes.txt" />
		<Unit filename="src/Atom.cpp" />
		<Unit filename="src/Exception.hpp" />
		<Unit filename="src/broker/Broker.cpp" />
		<Unit filename="src/broker/Broker.h" />
		<Unit filename="src/broker/Subscriber.cpp" />
		<Unit filename="src/broker/Subscriber.h" />
		<Unit filename="src/message/Datatype.cpp" />
		<Unit filename="src/message/Datatype.h" />
		<Unit filename="src/message/Header.cpp" />
		<Unit filename="src/message/Header.h" />
		<Unit filename="src/message/Message.cpp" />
		<Unit filename="src/message/Message.h" />
		<Unit filename="src/message/Variable.cpp" />
		<Unit filename="src/message/Variable.h" />
		<Unit filename="src/message/types/Selection.cpp" />
		<Unit filename="src/message/types/Selection.h" />
		<Unit filename="src/module/Module.cpp" />
		<Unit filename="src/module/Module.h" />
		<Unit filename="src/protocol/Protocol.cpp" />
		<Unit filename="src/protocol/Protocol.h" />
		<Unit filename="src/subscribers/cannet/CanNet.cpp" />
		<Unit filename="src/subscribers/cannet/CanNet.h" />
		<Unit filename="src/subscribers/monitor/Monitor.cpp" />
		<Unit filename="src/subscribers/monitor/Monitor.h" />
		<Unit filename="src/types.h" />
		<Unit filename="src/utils/BitBuffer.cpp" />
		<Unit filename="src/utils/BitBuffer.h" />
		<Unit filename="src/utils/Logger.cpp" />
		<Unit filename="src/utils/Logger.h" />
		<Unit filename="src/utils/TSQueue.hpp" />
		<Unit filename="src/utils/Thread.cpp" />
		<Unit filename="src/utils/Thread.h" />
		<Unit filename="src/utils/UdpServer.cpp" />
		<Unit filename="src/utils/UdpServer.h" />
		<Unit filename="src/utils/Utils.cpp" />
		<Unit filename="src/utils/Utils.h" />
		<Unit filename="src/xml/Node.cpp" />
		<Unit filename="src/xml/Node.h" />
		<Extensions>
			<code_completion />
			<envvars />
			<debugger />
		</Extensions>
	</Project>
</CodeBlocks_project_file>
